
Microsoft Visual Studio Solution File, Format Version 12.00
# Visual Studio Version 17
VisualStudioVersion = 17.9.34723.18
MinimumVisualStudioVersion = 10.0.40219.1
Project("{FAE04EC0-301F-11D3-BF4B-00C04F79EFBC}") = "Semestral Project - Game Manager Application", "Semestral Project - Game Manager Application\Semestral Project - Game Manager Application.csproj", "{0B45035D-9CBD-438E-AA49-B5D08DE1F9AA}"
EndProject
Global
	GlobalSection(SolutionConfigurationPlatforms) = preSolution
		Debug|Any CPU = Debug|Any CPU
		Release|Any CPU = Release|Any CPU
	EndGlobalSection
	GlobalSection(ProjectConfigurationPlatforms) = postSolution
		{0B45035D-9CBD-438E-AA49-B5D08DE1F9AA}.Debug|Any CPU.ActiveCfg = Debug|Any CPU
		{0B45035D-9CBD-438E-AA49-B5D08DE1F9AA}.Debug|Any CPU.Build.0 = Debug|Any CPU
		{0B45035D-9CBD-438E-AA49-B5D08DE1F9AA}.Release|Any CPU.ActiveCfg = Release|Any CPU
		{0B45035D-9CBD-438E-AA49-B5D08DE1F9AA}.Release|Any CPU.Build.0 = Release|Any CPU
	EndGlobalSection
	GlobalSection(SolutionProperties) = preSolution
		HideSolutionNode = FALSE
	EndGlobalSection
	GlobalSection(ExtensibilityGlobals) = postSolution
		SolutionGuid = {37AD1ED1-F164-4D9E-864F-426C30740110}
	EndGlobalSection
EndGlobal
